
Microsoft Visual Studio Solution File, Format Version 12.00
# Visual Studio Version 17
VisualStudioVersion = 17.4.33213.308
MinimumVisualStudioVersion = 10.0.40219.1
Project("{FAE04EC0-301F-11D3-BF4B-00C04F79EFBC}") = "CrudWithWebApiNet", "CrudWithWebApiNet\CrudWithWebApiNet.csproj", "{794751DE-C050-4169-A9B0-58E0721330A3}"
EndProject
Global
	GlobalSection(SolutionConfigurationPlatforms) = preSolution
		Debug|Any CPU = Debug|Any CPU
		Release|Any CPU = Release|Any CPU
	EndGlobalSection
	GlobalSection(ProjectConfigurationPlatforms) = postSolution
		{794751DE-C050-4169-A9B0-58E0721330A3}.Debug|Any CPU.ActiveCfg = Debug|Any CPU
		{794751DE-C050-4169-A9B0-58E0721330A3}.Debug|Any CPU.Build.0 = Debug|Any CPU
		{794751DE-C050-4169-A9B0-58E0721330A3}.Release|Any CPU.ActiveCfg = Release|Any CPU
		{794751DE-C050-4169-A9B0-58E0721330A3}.Release|Any CPU.Build.0 = Release|Any CPU
	EndGlobalSection
	GlobalSection(SolutionProperties) = preSolution
		HideSolutionNode = FALSE
	EndGlobalSection
	GlobalSection(ExtensibilityGlobals) = postSolution
		SolutionGuid = {6C62B3A7-4605-4CF7-AA14-2C6AF73EECA9}
	EndGlobalSection
EndGlobal
